
Microsoft Visual Studio Solution File, Format Version 12.00
# Visual Studio 2012
Project("{FAE04EC0-301F-11D3-BF4B-00C04F79EFBC}") = "testapp", "testapp\testapp.csproj", "{E3BDE22B-25AE-424E-847A-6B7505A0B839}"
EndProject
Project("{FAE04EC0-301F-11D3-BF4B-00C04F79EFBC}") = "testapp.Tests", "testapp.Tests\testapp.Tests.csproj", "{142A8350-EA01-4FDA-B3AF-5E27A303C0F5}"
EndProject
Global
	GlobalSection(SolutionConfigurationPlatforms) = preSolution
		Debug|Any CPU = Debug|Any CPU
		Release|Any CPU = Release|Any CPU
	EndGlobalSection
	GlobalSection(ProjectConfigurationPlatforms) = postSolution
		{E3BDE22B-25AE-424E-847A-6B7505A0B839}.Debug|Any CPU.ActiveCfg = Debug|Any CPU
		{E3BDE22B-25AE-424E-847A-6B7505A0B839}.Debug|Any CPU.Build.0 = Debug|Any CPU
		{E3BDE22B-25AE-424E-847A-6B7505A0B839}.Release|Any CPU.ActiveCfg = Release|Any CPU
		{E3BDE22B-25AE-424E-847A-6B7505A0B839}.Release|Any CPU.Build.0 = Release|Any CPU
		{142A8350-EA01-4FDA-B3AF-5E27A303C0F5}.Debug|Any CPU.ActiveCfg = Debug|Any CPU
		{142A8350-EA01-4FDA-B3AF-5E27A303C0F5}.Debug|Any CPU.Build.0 = Debug|Any CPU
		{142A8350-EA01-4FDA-B3AF-5E27A303C0F5}.Release|Any CPU.ActiveCfg = Release|Any CPU
		{142A8350-EA01-4FDA-B3AF-5E27A303C0F5}.Release|Any CPU.Build.0 = Release|Any CPU
	EndGlobalSection
EndGlobal
